{
  "name": "bci-calendar",
  "version": "1.2.0",
  "lockfileVersion": 3,
  "requires": true,
  "packages": {
    "": {
      "name": "bci-calendar",
      "version": "1.2.0",
      "license": "MIT",
      "dependencies": {
        "d3": "^3.5.5",
        "powerbi-models": "^1.3.1",
        "powerbi-visuals-utils-formattingutils": "^2.1.0",
        "powerbi-visuals-utils-interactivityutils": "^3.2.0"
      },
      "devDependencies": {
        "@types/d3": "^3.5.38",
        "powerbi-visuals-utils-dataviewutils": "1.0.1",
        "powerbi-visuals-utils-tooltiputils": "^1.0.0"
      }
    },
    "node_modules/@types/d3": {
      "version": "3.5.38",
      "resolved": "https://registry.npmjs.org/@types/d3/-/d3-3.5.38.tgz",
      "integrity": "sha512-O/gRkjWULp3xVX8K85V0H3tsSGole0WYt77KVpGZO2xTGLuVFuvE6JIsIli3fvFHCYBhGFn/8OHEEyMYF+QehA==",
      "dev": true,
      "license": "MIT"
    },
    "node_modules/d3": {
      "version": "3.5.17",
      "resolved": "https://registry.npmjs.org/d3/-/d3-3.5.17.tgz",
      "integrity": "sha512-yFk/2idb8OHPKkbAL8QaOaqENNoMhIaSHZerk3oQsECwkObkCpJyjYwCe+OHiq6UEdhe1m8ZGARRRO3ljFjlKg==",
      "license": "BSD-3-Clause"
    },
    "node_modules/globalize": {
      "version": "0.1.0-a2",
      "resolved": "https://registry.npmjs.org/globalize/-/globalize-0.1.0a2.tgz",
      "integrity": "sha512-Y9pxx3Sx7dxFcMyzOnfZdDGAKTgIsjJYQoGzTDAIUeljKdGBnAHfz/IaqftKhGPs+RgRq/q3gHPWBCmodZTUiQ==",
      "engines": {
        "node": "*"
      }
    },
    "node_modules/lodash": {
      "version": "4.16.2",
      "resolved": "https://registry.npmjs.org/lodash/-/lodash-4.16.2.tgz",
      "integrity": "sha512-t7POblJ+wdC7jto56BrMLpkyS0/ryvQxhmIgN3x+RBZIQCPszPpbxDy+ZcSTmYFDBrgDkwAc20P/C14y7xXWMQ==",
      "dev": true,
      "license": "MIT"
    },
    "node_modules/powerbi-models": {
      "version": "1.3.1",
      "resolved": "https://registry.npmjs.org/powerbi-models/-/powerbi-models-1.3.1.tgz",
      "integrity": "sha512-2ADIIXfvRL4Z8MkQ/BpwtTJghZLCgbEj7QeTFzA7b70VKg5Nw7ZP/8tQuNZvlXBnnR5cp6LuOSxKtkABZzbDtQ==",
      "license": "MIT"
    },
    "node_modules/powerbi-visuals-utils-dataviewutils": {
      "version": "1.0.1",
      "resolved": "https://registry.npmjs.org/powerbi-visuals-utils-dataviewutils/-/powerbi-visuals-utils-dataviewutils-1.0.1.tgz",
      "integrity": "sha512-kjtJ041i30NK827ZghXde/e66n1k6sF3Z8a9mfyR/XyQApdbDIF71PO6fqgoybZn8ertIV43ac5TomGViW3MfQ==",
      "dev": true,
      "license": "MIT",
      "dependencies": {
        "lodash": "4.16.2"
      }
    },
    "node_modules/powerbi-visuals-utils-formattingutils": {
      "version": "2.1.0",
      "resolved": "https://registry.npmjs.org/powerbi-visuals-utils-formattingutils/-/powerbi-visuals-utils-formattingutils-2.1.0.tgz",
      "integrity": "sha512-PCh2gxZpCbEONraMnWQVWG6N/2+HzQtSpo4NH9n0/zSi7Zoxw+025h/MApzqdTnq7Z/gEncNWWL9lt1JDGVTBA==",
      "license": "MIT",
      "dependencies": {
        "d3": "3.5.5",
        "globalize": "0.1.0-a2",
        "powerbi-visuals-utils-dataviewutils": "1.2.0",
        "powerbi-visuals-utils-svgutils": "1.1.0",
        "powerbi-visuals-utils-typeutils": "1.1.0"
      }
    },
    "node_modules/powerbi-visuals-utils-formattingutils/node_modules/d3": {
      "version": "3.5.5",
      "resolved": "https://registry.npmjs.org/d3/-/d3-3.5.5.tgz",
      "integrity": "sha512-JPx0wEFxcYVcCZXgUbsy8NzVzD3zKat1KLtdCeOHPsmrpFlc09nr2/5Ls9ey7mo8SV6cWew0piLrmPVybj9I8w=="
    },
    "node_modules/powerbi-visuals-utils-formattingutils/node_modules/powerbi-visuals-utils-dataviewutils": {
      "version": "1.2.0",
      "resolved": "https://registry.npmjs.org/powerbi-visuals-utils-dataviewutils/-/powerbi-visuals-utils-dataviewutils-1.2.0.tgz",
      "integrity": "sha512-/aOtJPHpmkbG/hZB53kYCBibDhlhqZKs8uQt9WJQk9R/Qm1uvrNHmMHAWtcSSEHmQZpRgiPsOMCyfTJTZDJDlw==",
      "license": "MIT"
    },
    "node_modules/powerbi-visuals-utils-interactivityutils": {
      "version": "3.2.0",
      "resolved": "https://registry.npmjs.org/powerbi-visuals-utils-interactivityutils/-/powerbi-visuals-utils-interactivityutils-3.2.0.tgz",
      "integrity": "sha512-psIaAqrmosk/cp0sO4exzYc4t4ot38kMnQYDIIal6L40XIRw9Lj0iVSMIonyruXMPgloQKlGtFm4+ujVRmTCbQ==",
      "license": "MIT",
      "dependencies": {
        "d3": "3.5.5",
        "powerbi-visuals-utils-svgutils": "^1.0.0",
        "powerbi-visuals-utils-typeutils": "^1.0.0"
      }
    },
    "node_modules/powerbi-visuals-utils-interactivityutils/node_modules/d3": {
      "version": "3.5.5",
      "resolved": "https://registry.npmjs.org/d3/-/d3-3.5.5.tgz",
      "integrity": "sha512-JPx0wEFxcYVcCZXgUbsy8NzVzD3zKat1KLtdCeOHPsmrpFlc09nr2/5Ls9ey7mo8SV6cWew0piLrmPVybj9I8w=="
    },
    "node_modules/powerbi-visuals-utils-svgutils": {
      "version": "1.1.0",
      "resolved": "https://registry.npmjs.org/powerbi-visuals-utils-svgutils/-/powerbi-visuals-utils-svgutils-1.1.0.tgz",
      "integrity": "sha512-I/SS8VQU0hTM0F6WZpPyyPcMBu4DXVM6P+qeeaQWbvmFyGyzg7F4DtWYvSFj+EK5WrAEAyNkShZNwwMjt1Oj0A==",
      "license": "MIT",
      "dependencies": {
        "d3": "3.5.5",
        "powerbi-visuals-utils-typeutils": "1.1.0"
      }
    },
    "node_modules/powerbi-visuals-utils-svgutils/node_modules/d3": {
      "version": "3.5.5",
      "resolved": "https://registry.npmjs.org/d3/-/d3-3.5.5.tgz",
      "integrity": "sha512-JPx0wEFxcYVcCZXgUbsy8NzVzD3zKat1KLtdCeOHPsmrpFlc09nr2/5Ls9ey7mo8SV6cWew0piLrmPVybj9I8w=="
    },
    "node_modules/powerbi-visuals-utils-tooltiputils": {
      "version": "1.1.1",
      "resolved": "https://registry.npmjs.org/powerbi-visuals-utils-tooltiputils/-/powerbi-visuals-utils-tooltiputils-1.1.1.tgz",
      "integrity": "sha512-FuY8+rtbj31QRVi2K5m6Aqvl4vPtFuYanKzhHdQ1KiF3+TgYp78ZFGfJdYr8ywoFQMByPKCWZoEtnPSfcVcY8Q==",
      "dev": true,
      "license": "MIT",
      "dependencies": {
        "d3": "3.5.5"
      }
    },
    "node_modules/powerbi-visuals-utils-tooltiputils/node_modules/d3": {
      "version": "3.5.5",
      "resolved": "https://registry.npmjs.org/d3/-/d3-3.5.5.tgz",
      "integrity": "sha512-JPx0wEFxcYVcCZXgUbsy8NzVzD3zKat1KLtdCeOHPsmrpFlc09nr2/5Ls9ey7mo8SV6cWew0piLrmPVybj9I8w==",
      "dev": true
    },
    "node_modules/powerbi-visuals-utils-typeutils": {
      "version": "1.1.0",
      "resolved": "https://registry.npmjs.org/powerbi-visuals-utils-typeutils/-/powerbi-visuals-utils-typeutils-1.1.0.tgz",
      "integrity": "sha512-7Zk3UkjHTjE2zCvtQU/eYN8Ko00WG0rt65LCdSyZJgEocuYQdu/gSahP3isOcqFCMZe3Ns26xKw7rnlP44Gqmg==",
      "license": "MIT"
    }
  }
}
